
Microsoft Visual Studio Solution File, Format Version 12.00
# Visual Studio Version 17
VisualStudioVersion = 17.0.31912.275
MinimumVisualStudioVersion = 10.0.40219.1
Project("{2150E333-8FDC-42A3-9474-1A3956D46DE8}") = "FrontEnd", "FrontEnd", "{E85BB9AB-2BF9-4F2B-83AD-C0BF968DDBFF}"
EndProject
Project("{2150E333-8FDC-42A3-9474-1A3956D46DE8}") = "Services", "Services", "{96BABA1C-7363-48F7-9B7A-D3AEE65D9DC2}"
EndProject
Project("{9A19103F-16F7-4668-BE54-9A1E7A4F7556}") = "GeekShopping.Web", "GeekShopping.Web\GeekShopping.Web.csproj", "{A3A7E7DE-E8B3-432F-92C7-5840F5DECF39}"
EndProject
Project("{9A19103F-16F7-4668-BE54-9A1E7A4F7556}") = "GeekShopping.ProductAPI", "GeekShopping.ProductAPI\GeekShopping.ProductAPI.csproj", "{BEF9877C-5F4D-4A9F-9159-374208C696C7}"
EndProject
Project("{9A19103F-16F7-4668-BE54-9A1E7A4F7556}") = "GeekShopping.IdentityServer", "GeekShopping.IdentityServer\GeekShopping.IdentityServer.csproj", "{5A17D468-610A-4D2B-B2DB-113DABD4CBF6}"
EndProject
Project("{9A19103F-16F7-4668-BE54-9A1E7A4F7556}") = "GeekShopping.CartAPI", "GeekShopping.CartAPI\GeekShopping.CartAPI.csproj", "{AB075106-824D-4DCD-BA4B-B8349B7228CA}"
EndProject
Project("{9A19103F-16F7-4668-BE54-9A1E7A4F7556}") = "GeekShopping.CouponAPI", "GeekShopping.CouponAPI\GeekShopping.CouponAPI.csproj", "{C7B7E8C3-869B-456A-965B-9705DCA4EFDC}"
EndProject
Project("{2150E333-8FDC-42A3-9474-1A3956D46DE8}") = "Integration", "Integration", "{6D87E945-2ED3-4B23-98B9-877F30A96BB9}"
EndProject
Project("{FAE04EC0-301F-11D3-BF4B-00C04F79EFBC}") = "GeekShopping.MessageBus", "GeekShopping.MessageBus\GeekShopping.MessageBus.csproj", "{816B94A8-9A09-454E-93ED-130362456838}"
EndProject
Project("{FAE04EC0-301F-11D3-BF4B-00C04F79EFBC}") = "GeekShopping.OrderAPI", "GeekShopping.OrderAPI\GeekShopping.OrderAPI.csproj", "{DD28E076-8460-48EF-B5E7-FF151469A925}"
EndProject
Project("{2150E333-8FDC-42A3-9474-1A3956D46DE8}") = "Payments", "Payments", "{2C544C31-E064-4270-B04A-FCE5DD1D2C1D}"
EndProject
Project("{FAE04EC0-301F-11D3-BF4B-00C04F79EFBC}") = "GeekShopping.PaymentProcessor", "GeekShopping.PaymentProcessor\GeekShopping.PaymentProcessor.csproj", "{FBA4AEE4-493F-4B11-B5F0-81A7166E4524}"
EndProject
Project("{FAE04EC0-301F-11D3-BF4B-00C04F79EFBC}") = "GeekShopping.PaymentAPI", "GeekShopping.PaymentAPI\GeekShopping.PaymentAPI.csproj", "{0DE219DE-30F2-44D0-BD2A-588E8B360854}"
EndProject
Project("{FAE04EC0-301F-11D3-BF4B-00C04F79EFBC}") = "GeekShopping.Email", "GeekShopping.Email\GeekShopping.Email.csproj", "{5ED451CE-26A2-4D42-9690-D2E9DBF69C6D}"
EndProject
Global
	GlobalSection(SolutionConfigurationPlatforms) = preSolution
		Debug|Any CPU = Debug|Any CPU
		Release|Any CPU = Release|Any CPU
	EndGlobalSection
	GlobalSection(ProjectConfigurationPlatforms) = postSolution
		{A3A7E7DE-E8B3-432F-92C7-5840F5DECF39}.Debug|Any CPU.ActiveCfg = Debug|Any CPU
		{A3A7E7DE-E8B3-432F-92C7-5840F5DECF39}.Debug|Any CPU.Build.0 = Debug|Any CPU
		{A3A7E7DE-E8B3-432F-92C7-5840F5DECF39}.Release|Any CPU.ActiveCfg = Release|Any CPU
		{A3A7E7DE-E8B3-432F-92C7-5840F5DECF39}.Release|Any CPU.Build.0 = Release|Any CPU
		{BEF9877C-5F4D-4A9F-9159-374208C696C7}.Debug|Any CPU.ActiveCfg = Debug|Any CPU
		{BEF9877C-5F4D-4A9F-9159-374208C696C7}.Debug|Any CPU.Build.0 = Debug|Any CPU
		{BEF9877C-5F4D-4A9F-9159-374208C696C7}.Release|Any CPU.ActiveCfg = Release|Any CPU
		{BEF9877C-5F4D-4A9F-9159-374208C696C7}.Release|Any CPU.Build.0 = Release|Any CPU
		{5A17D468-610A-4D2B-B2DB-113DABD4CBF6}.Debug|Any CPU.ActiveCfg = Debug|Any CPU
		{5A17D468-610A-4D2B-B2DB-113DABD4CBF6}.Debug|Any CPU.Build.0 = Debug|Any CPU
		{5A17D468-610A-4D2B-B2DB-113DABD4CBF6}.Release|Any CPU.ActiveCfg = Release|Any CPU
		{5A17D468-610A-4D2B-B2DB-113DABD4CBF6}.Release|Any CPU.Build.0 = Release|Any CPU
		{AB075106-824D-4DCD-BA4B-B8349B7228CA}.Debug|Any CPU.ActiveCfg = Debug|Any CPU
		{AB075106-824D-4DCD-BA4B-B8349B7228CA}.Debug|Any CPU.Build.0 = Debug|Any CPU
		{AB075106-824D-4DCD-BA4B-B8349B7228CA}.Release|Any CPU.ActiveCfg = Release|Any CPU
		{AB075106-824D-4DCD-BA4B-B8349B7228CA}.Release|Any CPU.Build.0 = Release|Any CPU
		{C7B7E8C3-869B-456A-965B-9705DCA4EFDC}.Debug|Any CPU.ActiveCfg = Debug|Any CPU
		{C7B7E8C3-869B-456A-965B-9705DCA4EFDC}.Debug|Any CPU.Build.0 = Debug|Any CPU
		{C7B7E8C3-869B-456A-965B-9705DCA4EFDC}.Release|Any CPU.ActiveCfg = Release|Any CPU
		{C7B7E8C3-869B-456A-965B-9705DCA4EFDC}.Release|Any CPU.Build.0 = Release|Any CPU
		{816B94A8-9A09-454E-93ED-130362456838}.Debug|Any CPU.ActiveCfg = Debug|Any CPU
		{816B94A8-9A09-454E-93ED-130362456838}.Debug|Any CPU.Build.0 = Debug|Any CPU
		{816B94A8-9A09-454E-93ED-130362456838}.Release|Any CPU.ActiveCfg = Release|Any CPU
		{816B94A8-9A09-454E-93ED-130362456838}.Release|Any CPU.Build.0 = Release|Any CPU
		{DD28E076-8460-48EF-B5E7-FF151469A925}.Debug|Any CPU.ActiveCfg = Debug|Any CPU
		{DD28E076-8460-48EF-B5E7-FF151469A925}.Debug|Any CPU.Build.0 = Debug|Any CPU
		{DD28E076-8460-48EF-B5E7-FF151469A925}.Release|Any CPU.ActiveCfg = Release|Any CPU
		{DD28E076-8460-48EF-B5E7-FF151469A925}.Release|Any CPU.Build.0 = Release|Any CPU
		{FBA4AEE4-493F-4B11-B5F0-81A7166E4524}.Debug|Any CPU.ActiveCfg = Debug|Any CPU
		{FBA4AEE4-493F-4B11-B5F0-81A7166E4524}.Debug|Any CPU.Build.0 = Debug|Any CPU
		{FBA4AEE4-493F-4B11-B5F0-81A7166E4524}.Release|Any CPU.ActiveCfg = Release|Any CPU
		{FBA4AEE4-493F-4B11-B5F0-81A7166E4524}.Release|Any CPU.Build.0 = Release|Any CPU
		{0DE219DE-30F2-44D0-BD2A-588E8B360854}.Debug|Any CPU.ActiveCfg = Debug|Any CPU
		{0DE219DE-30F2-44D0-BD2A-588E8B360854}.Debug|Any CPU.Build.0 = Debug|Any CPU
		{0DE219DE-30F2-44D0-BD2A-588E8B360854}.Release|Any CPU.ActiveCfg = Release|Any CPU
		{0DE219DE-30F2-44D0-BD2A-588E8B360854}.Release|Any CPU.Build.0 = Release|Any CPU
		{5ED451CE-26A2-4D42-9690-D2E9DBF69C6D}.Debug|Any CPU.ActiveCfg = Debug|Any CPU
		{5ED451CE-26A2-4D42-9690-D2E9DBF69C6D}.Debug|Any CPU.Build.0 = Debug|Any CPU
		{5ED451CE-26A2-4D42-9690-D2E9DBF69C6D}.Release|Any CPU.ActiveCfg = Release|Any CPU
		{5ED451CE-26A2-4D42-9690-D2E9DBF69C6D}.Release|Any CPU.Build.0 = Release|Any CPU
	EndGlobalSection
	GlobalSection(SolutionProperties) = preSolution
		HideSolutionNode = FALSE
	EndGlobalSection
	GlobalSection(NestedProjects) = preSolution
		{A3A7E7DE-E8B3-432F-92C7-5840F5DECF39} = {E85BB9AB-2BF9-4F2B-83AD-C0BF968DDBFF}
		{BEF9877C-5F4D-4A9F-9159-374208C696C7} = {96BABA1C-7363-48F7-9B7A-D3AEE65D9DC2}
		{5A17D468-610A-4D2B-B2DB-113DABD4CBF6} = {96BABA1C-7363-48F7-9B7A-D3AEE65D9DC2}
		{AB075106-824D-4DCD-BA4B-B8349B7228CA} = {96BABA1C-7363-48F7-9B7A-D3AEE65D9DC2}
		{C7B7E8C3-869B-456A-965B-9705DCA4EFDC} = {96BABA1C-7363-48F7-9B7A-D3AEE65D9DC2}
		{816B94A8-9A09-454E-93ED-130362456838} = {6D87E945-2ED3-4B23-98B9-877F30A96BB9}
		{DD28E076-8460-48EF-B5E7-FF151469A925} = {96BABA1C-7363-48F7-9B7A-D3AEE65D9DC2}
		{FBA4AEE4-493F-4B11-B5F0-81A7166E4524} = {2C544C31-E064-4270-B04A-FCE5DD1D2C1D}
		{0DE219DE-30F2-44D0-BD2A-588E8B360854} = {96BABA1C-7363-48F7-9B7A-D3AEE65D9DC2}
		{5ED451CE-26A2-4D42-9690-D2E9DBF69C6D} = {96BABA1C-7363-48F7-9B7A-D3AEE65D9DC2}
	EndGlobalSection
	GlobalSection(ExtensibilityGlobals) = postSolution
		SolutionGuid = {A0606474-279E-4579-8671-E9893EF00265}
	EndGlobalSection
EndGlobal
