
Microsoft Visual Studio Solution File, Format Version 12.00
# Visual Studio Version 17
VisualStudioVersion = 17.0.31912.275
MinimumVisualStudioVersion = 10.0.40219.1
Project("{2150E333-8FDC-42A3-9474-1A3956D46DE8}") = "FrontEnd", "FrontEnd", "{E85BB9AB-2BF9-4F2B-83AD-C0BF968DDBFF}"
EndProject
Project("{2150E333-8FDC-42A3-9474-1A3956D46DE8}") = "Services", "Services", "{96BABA1C-7363-48F7-9B7A-D3AEE65D9DC2}"
EndProject
Project("{9A19103F-16F7-4668-BE54-9A1E7A4F7556}") = "GeekShopping.Web", "GeekShopping.Web\GeekShopping.Web.csproj", "{A3A7E7DE-E8B3-432F-92C7-5840F5DECF39}"
EndProject
Project("{9A19103F-16F7-4668-BE54-9A1E7A4F7556}") = "GeekShopping.ProductAPI", "GeekShopping.ProductAPI\GeekShopping.ProductAPI.csproj", "{BEF9877C-5F4D-4A9F-9159-374208C696C7}"
EndProject
Project("{9A19103F-16F7-4668-BE54-9A1E7A4F7556}") = "GeekShopping.IdentityServer", "GeekShopping.IdentityServer\GeekShopping.IdentityServer.csproj", "{5A17D468-610A-4D2B-B2DB-113DABD4CBF6}"
EndProject
Project("{FAE04EC0-301F-11D3-BF4B-00C04F79EFBC}") = "GeekShopping.CartAPI", "GeekShopping.CartAPI\GeekShopping.CartAPI.csproj", "{AB075106-824D-4DCD-BA4B-B8349B7228CA}"
EndProject
Project("{FAE04EC0-301F-11D3-BF4B-00C04F79EFBC}") = "GeekShopping.CouponAPI", "GeekShopping.CouponAPI\GeekShopping.CouponAPI.csproj", "{C7B7E8C3-869B-456A-965B-9705DCA4EFDC}"
EndProject
Global
	GlobalSection(SolutionConfigurationPlatforms) = preSolution
		Debug|Any CPU = Debug|Any CPU
		Release|Any CPU = Release|Any CPU
	EndGlobalSection
	GlobalSection(ProjectConfigurationPlatforms) = postSolution
		{A3A7E7DE-E8B3-432F-92C7-5840F5DECF39}.Debug|Any CPU.ActiveCfg = Debug|Any CPU
		{A3A7E7DE-E8B3-432F-92C7-5840F5DECF39}.Debug|Any CPU.Build.0 = Debug|Any CPU
		{A3A7E7DE-E8B3-432F-92C7-5840F5DECF39}.Release|Any CPU.ActiveCfg = Release|Any CPU
		{A3A7E7DE-E8B3-432F-92C7-5840F5DECF39}.Release|Any CPU.Build.0 = Release|Any CPU
		{BEF9877C-5F4D-4A9F-9159-374208C696C7}.Debug|Any CPU.ActiveCfg = Debug|Any CPU
		{BEF9877C-5F4D-4A9F-9159-374208C696C7}.Debug|Any CPU.Build.0 = Debug|Any CPU
		{BEF9877C-5F4D-4A9F-9159-374208C696C7}.Release|Any CPU.ActiveCfg = Release|Any CPU
		{BEF9877C-5F4D-4A9F-9159-374208C696C7}.Release|Any CPU.Build.0 = Release|Any CPU
		{5A17D468-610A-4D2B-B2DB-113DABD4CBF6}.Debug|Any CPU.ActiveCfg = Debug|Any CPU
		{5A17D468-610A-4D2B-B2DB-113DABD4CBF6}.Debug|Any CPU.Build.0 = Debug|Any CPU
		{5A17D468-610A-4D2B-B2DB-113DABD4CBF6}.Release|Any CPU.ActiveCfg = Release|Any CPU
		{5A17D468-610A-4D2B-B2DB-113DABD4CBF6}.Release|Any CPU.Build.0 = Release|Any CPU
		{AB075106-824D-4DCD-BA4B-B8349B7228CA}.Debug|Any CPU.ActiveCfg = Debug|Any CPU
		{AB075106-824D-4DCD-BA4B-B8349B7228CA}.Debug|Any CPU.Build.0 = Debug|Any CPU
		{AB075106-824D-4DCD-BA4B-B8349B7228CA}.Release|Any CPU.ActiveCfg = Release|Any CPU
		{AB075106-824D-4DCD-BA4B-B8349B7228CA}.Release|Any CPU.Build.0 = Release|Any CPU
		{C7B7E8C3-869B-456A-965B-9705DCA4EFDC}.Debug|Any CPU.ActiveCfg = Debug|Any CPU
		{C7B7E8C3-869B-456A-965B-9705DCA4EFDC}.Debug|Any CPU.Build.0 = Debug|Any CPU
		{C7B7E8C3-869B-456A-965B-9705DCA4EFDC}.Release|Any CPU.ActiveCfg = Release|Any CPU
		{C7B7E8C3-869B-456A-965B-9705DCA4EFDC}.Release|Any CPU.Build.0 = Release|Any CPU
	EndGlobalSection
	GlobalSection(SolutionProperties) = preSolution
		HideSolutionNode = FALSE
	EndGlobalSection
	GlobalSection(NestedProjects) = preSolution
		{A3A7E7DE-E8B3-432F-92C7-5840F5DECF39} = {E85BB9AB-2BF9-4F2B-83AD-C0BF968DDBFF}
		{BEF9877C-5F4D-4A9F-9159-374208C696C7} = {96BABA1C-7363-48F7-9B7A-D3AEE65D9DC2}
		{5A17D468-610A-4D2B-B2DB-113DABD4CBF6} = {96BABA1C-7363-48F7-9B7A-D3AEE65D9DC2}
		{AB075106-824D-4DCD-BA4B-B8349B7228CA} = {96BABA1C-7363-48F7-9B7A-D3AEE65D9DC2}
		{C7B7E8C3-869B-456A-965B-9705DCA4EFDC} = {96BABA1C-7363-48F7-9B7A-D3AEE65D9DC2}
	EndGlobalSection
	GlobalSection(ExtensibilityGlobals) = postSolution
		SolutionGuid = {A0606474-279E-4579-8671-E9893EF00265}
	EndGlobalSection
EndGlobal
